
Microsoft Visual Studio Solution File, Format Version 12.00
# Visual Studio Version 16
VisualStudioVersion = 16.0.30804.86
MinimumVisualStudioVersion = 10.0.40219.1
Project("{9A19103F-16F7-4668-BE54-9A1E7A4F7556}") = "LayeredArchitecture", "LayeredArchitecture\LayeredArchitecture.csproj", "{E8BC0622-4C4D-4227-A2CE-B1C69FE6F88F}"
EndProject
Project("{9A19103F-16F7-4668-BE54-9A1E7A4F7556}") = "LayeredArchitecture.Example", "LayeredArchitecture.Example\LayeredArchitecture.Example.csproj", "{362CB34E-7B4D-4993-98E4-358F63F82196}"
EndProject
Project("{9A19103F-16F7-4668-BE54-9A1E7A4F7556}") = "LayeredArchitecture.Tests", "LayeredArchitecture.Tests\LayeredArchitecture.Tests.csproj", "{D5096593-9233-43B3-8512-752FF15C6123}"
EndProject
Global
	GlobalSection(SolutionConfigurationPlatforms) = preSolution
		Debug|Any CPU = Debug|Any CPU
		Release|Any CPU = Release|Any CPU
	EndGlobalSection
	GlobalSection(ProjectConfigurationPlatforms) = postSolution
		{E8BC0622-4C4D-4227-A2CE-B1C69FE6F88F}.Debug|Any CPU.ActiveCfg = Debug|Any CPU
		{E8BC0622-4C4D-4227-A2CE-B1C69FE6F88F}.Debug|Any CPU.Build.0 = Debug|Any CPU
		{E8BC0622-4C4D-4227-A2CE-B1C69FE6F88F}.Release|Any CPU.ActiveCfg = Release|Any CPU
		{E8BC0622-4C4D-4227-A2CE-B1C69FE6F88F}.Release|Any CPU.Build.0 = Release|Any CPU
		{362CB34E-7B4D-4993-98E4-358F63F82196}.Debug|Any CPU.ActiveCfg = Debug|Any CPU
		{362CB34E-7B4D-4993-98E4-358F63F82196}.Debug|Any CPU.Build.0 = Debug|Any CPU
		{362CB34E-7B4D-4993-98E4-358F63F82196}.Release|Any CPU.ActiveCfg = Release|Any CPU
		{362CB34E-7B4D-4993-98E4-358F63F82196}.Release|Any CPU.Build.0 = Release|Any CPU
		{D5096593-9233-43B3-8512-752FF15C6123}.Debug|Any CPU.ActiveCfg = Debug|Any CPU
		{D5096593-9233-43B3-8512-752FF15C6123}.Debug|Any CPU.Build.0 = Debug|Any CPU
		{D5096593-9233-43B3-8512-752FF15C6123}.Release|Any CPU.ActiveCfg = Release|Any CPU
		{D5096593-9233-43B3-8512-752FF15C6123}.Release|Any CPU.Build.0 = Release|Any CPU
	EndGlobalSection
	GlobalSection(SolutionProperties) = preSolution
		HideSolutionNode = FALSE
	EndGlobalSection
	GlobalSection(ExtensibilityGlobals) = postSolution
		SolutionGuid = {E299BCAE-C67D-427E-92DA-B70B17A2A003}
	EndGlobalSection
EndGlobal
